
Microsoft Visual Studio Solution File, Format Version 12.00
# Visual Studio Version 16
VisualStudioVersion = 16.0.31313.79
MinimumVisualStudioVersion = 10.0.40219.1
Project("{FAE04EC0-301F-11D3-BF4B-00C04F79EFBC}") = "FulaOrdAPI", "FulaOrdAPI\FulaOrdAPI.csproj", "{C2B22FC6-AF55-4FB8-A741-F6FA756B58BE}"
EndProject
Global
	GlobalSection(SolutionConfigurationPlatforms) = preSolution
		Debug|Any CPU = Debug|Any CPU
		Release|Any CPU = Release|Any CPU
	EndGlobalSection
	GlobalSection(ProjectConfigurationPlatforms) = postSolution
		{C2B22FC6-AF55-4FB8-A741-F6FA756B58BE}.Debug|Any CPU.ActiveCfg = Debug|Any CPU
		{C2B22FC6-AF55-4FB8-A741-F6FA756B58BE}.Debug|Any CPU.Build.0 = Debug|Any CPU
		{C2B22FC6-AF55-4FB8-A741-F6FA756B58BE}.Release|Any CPU.ActiveCfg = Release|Any CPU
		{C2B22FC6-AF55-4FB8-A741-F6FA756B58BE}.Release|Any CPU.Build.0 = Release|Any CPU
	EndGlobalSection
	GlobalSection(SolutionProperties) = preSolution
		HideSolutionNode = FALSE
	EndGlobalSection
	GlobalSection(ExtensibilityGlobals) = postSolution
		SolutionGuid = {856726A4-713B-4215-8521-665704F23564}
	EndGlobalSection
EndGlobal
